<?xml version="1.0" encoding="utf-8"?>
<Project ToolsVersion="4.0" xmlns="http://schemas.microsoft.com/developer/msbuild/2003">
  <ItemGroup>
    <Filter Include="src">
      <UniqueIdentifier>{fe363a70-9869-4b6e-bacd-de0316683af2}</UniqueIdentifier>
    </Filter>
    <Filter Include="header">
      <UniqueIdentifier>{91be4967-f283-43ce-9d96-ecb6461c8114}</UniqueIdentifier>
    </Filter>
  </ItemGroup>
  <ItemGroup>
    <ClInclude Include="DianaLog.h">
      <Filter>header</Filter>
    </ClInclude>
  </ItemGroup>
  <ItemGroup>
    <ClCompile Include="DianaLog.cpp">
      <Filter>src</Filter>
    </ClCompile>
  </ItemGroup>
</Project>