<?xml version="1.0" encoding="utf-8"?>
<Project ToolsVersion="4.0" xmlns="http://schemas.microsoft.com/developer/msbuild/2003">
  <ItemGroup>
    <Filter Include="源文件">
      <UniqueIdentifier>{4FC737F1-C7A5-4376-A066-2A32D752A2FF}</UniqueIdentifier>
      <Extensions>cpp;c;cc;cxx;c++;cppm;ixx;def;odl;idl;hpj;bat;asm;asmx</Extensions>
    </Filter>
    <Filter Include="头文件">
      <UniqueIdentifier>{93995380-89BD-4b04-88EB-625FBE52EBFB}</UniqueIdentifier>
      <Extensions>h;hh;hpp;hxx;h++;hm;inl;inc;ipp;xsd</Extensions>
    </Filter>
    <Filter Include="资源文件">
      <UniqueIdentifier>{67DA6AB6-F800-4c08-8B7A-83BB121AAD01}</UniqueIdentifier>
      <Extensions>rc;ico;cur;bmp;dlg;rc2;rct;bin;rgs;gif;jpg;jpeg;jpe;resx;tiff;tif;png;wav;mfcribbon-ms</Extensions>
    </Filter>
    <Filter Include="头文件\TcpSocket">
      <UniqueIdentifier>{0cc8c231-e067-46de-8b79-9e3b3e231698}</UniqueIdentifier>
    </Filter>
    <Filter Include="头文件\protobuf">
      <UniqueIdentifier>{b9fd05f5-76ca-42aa-86e2-69acec9f418e}</UniqueIdentifier>
    </Filter>
    <Filter Include="源文件\TcpSocket">
      <UniqueIdentifier>{01a22413-4471-415c-a14b-9009da1f8c62}</UniqueIdentifier>
    </Filter>
    <Filter Include="源文件\protobuf">
      <UniqueIdentifier>{204361bd-09e4-4fa3-8a2b-bb72769659f5}</UniqueIdentifier>
    </Filter>
    <Filter Include="头文件\shm">
      <UniqueIdentifier>{52bb1241-30c6-4216-a229-d8930de3b19c}</UniqueIdentifier>
    </Filter>
    <Filter Include="源文件\shm">
      <UniqueIdentifier>{8def584c-12fa-40ee-8c22-66feb65b4f13}</UniqueIdentifier>
    </Filter>
  </ItemGroup>
  <ItemGroup>
    <ClCompile Include="..\main.cpp">
      <Filter>源文件</Filter>
    </ClCompile>
    <ClCompile Include="..\Factory.h">
      <Filter>头文件\protobuf</Filter>
    </ClCompile>
    <ClCompile Include="..\protobuf\client.pb.cc">
      <Filter>源文件\protobuf</Filter>
    </ClCompile>
    <ClCompile Include="..\Codec.cpp">
      <Filter>源文件\protobuf</Filter>
    </ClCompile>
    <ClCompile Include="..\Factory.cpp">
      <Filter>源文件\protobuf</Filter>
    </ClCompile>
    <ClCompile Include="..\Request.cpp">
      <Filter>源文件\protobuf</Filter>
    </ClCompile>
    <ClCompile Include="..\Response.cpp">
      <Filter>源文件\protobuf</Filter>
    </ClCompile>
    <ClCompile Include="..\protobuf\service.pb.cc">
      <Filter>源文件\protobuf</Filter>
    </ClCompile>
    <ClCompile Include="..\TcpSocket.cpp">
      <Filter>源文件\TcpSocket</Filter>
    </ClCompile>
    <ClCompile Include="..\shm.cpp">
      <Filter>源文件\shm</Filter>
    </ClCompile>
  </ItemGroup>
  <ItemGroup>
    <ClInclude Include="..\protobuf\client.pb.h">
      <Filter>头文件\protobuf</Filter>
    </ClInclude>
    <ClInclude Include="..\Codec.h">
      <Filter>头文件\protobuf</Filter>
    </ClInclude>
    <ClInclude Include="..\Request.h">
      <Filter>头文件\protobuf</Filter>
    </ClInclude>
    <ClInclude Include="..\Response.h">
      <Filter>头文件\protobuf</Filter>
    </ClInclude>
    <ClInclude Include="..\protobuf\service.pb.h">
      <Filter>头文件\protobuf</Filter>
    </ClInclude>
    <ClInclude Include="..\TcpSocket.h">
      <Filter>头文件\TcpSocket</Filter>
    </ClInclude>
    <ClInclude Include="..\shm.h">
      <Filter>头文件\shm</Filter>
    </ClInclude>
  </ItemGroup>
</Project>