<?xml version="1.0" encoding="utf-8"?>
<Project ToolsVersion="4.0" xmlns="http://schemas.microsoft.com/developer/msbuild/2003">
  <ItemGroup>
    <Filter Include="base">
      <UniqueIdentifier>{33b03e4b-e09f-455b-a75d-07c5183625e9}</UniqueIdentifier>
    </Filter>
    <Filter Include="thread">
      <UniqueIdentifier>{55dbac27-762d-435b-b71d-68a4ae753de9}</UniqueIdentifier>
    </Filter>
    <Filter Include="designPattern">
      <UniqueIdentifier>{edd6d15d-4745-40da-bf91-63b1f7582a6f}</UniqueIdentifier>
    </Filter>
    <Filter Include="test">
      <UniqueIdentifier>{b534113e-5278-468d-81fe-b1772f9f6c95}</UniqueIdentifier>
    </Filter>
    <Filter Include="logger">
      <UniqueIdentifier>{875aefc8-fc7d-49e4-b512-c564e1e93be7}</UniqueIdentifier>
    </Filter>
    <Filter Include="time">
      <UniqueIdentifier>{a672de42-2685-4b0f-9825-1b1bc2def80c}</UniqueIdentifier>
    </Filter>
  </ItemGroup>
  <ItemGroup>
    <ClInclude Include="base\copyable.h">
      <Filter>base</Filter>
    </ClInclude>
    <ClInclude Include="base\noncopyable.h">
      <Filter>base</Filter>
    </ClInclude>
    <ClInclude Include="designPattern\observer.hpp">
      <Filter>designPattern</Filter>
    </ClInclude>
    <ClInclude Include="designPattern\singleton.h">
      <Filter>designPattern</Filter>
    </ClInclude>
    <ClInclude Include="test\CopyOnWrite.h">
      <Filter>test</Filter>
    </ClInclude>
    <ClInclude Include="thread\condition.h">
      <Filter>thread</Filter>
    </ClInclude>
    <ClInclude Include="thread\CountDownLatch.h">
      <Filter>thread</Filter>
    </ClInclude>
    <ClInclude Include="thread\mutex.h">
      <Filter>thread</Filter>
    </ClInclude>
    <ClInclude Include="thread\SignalSlot.h">
      <Filter>thread</Filter>
    </ClInclude>
    <ClInclude Include="thread\thread.h">
      <Filter>thread</Filter>
    </ClInclude>
    <ClInclude Include="base\BlockingQueue.h">
      <Filter>base</Filter>
    </ClInclude>
    <ClInclude Include="logger\AsynLogging.h">
      <Filter>logger</Filter>
    </ClInclude>
    <ClInclude Include="logger\LogStream.h">
      <Filter>logger</Filter>
    </ClInclude>
    <ClInclude Include="logger\LogFile.h">
      <Filter>logger</Filter>
    </ClInclude>
    <ClInclude Include="logger\File.h">
      <Filter>logger</Filter>
    </ClInclude>
    <ClInclude Include="base\Type.h">
      <Filter>base</Filter>
    </ClInclude>
    <ClInclude Include="base\ProcessInfo.h">
      <Filter>base</Filter>
    </ClInclude>
    <ClInclude Include="time\TimeZone.h">
      <Filter>time</Filter>
    </ClInclude>
    <ClInclude Include="logger\logging.h">
      <Filter>logger</Filter>
    </ClInclude>
    <ClInclude Include="time\Timestamp.h">
      <Filter>time</Filter>
    </ClInclude>
  </ItemGroup>
  <ItemGroup>
    <ClCompile Include="main.cpp" />
    <ClCompile Include="thread\thread.cc">
      <Filter>thread</Filter>
    </ClCompile>
    <ClCompile Include="logger\LogStream.cc">
      <Filter>logger</Filter>
    </ClCompile>
    <ClCompile Include="logger\LogFile.cc">
      <Filter>logger</Filter>
    </ClCompile>
    <ClCompile Include="logger\File.cc">
      <Filter>logger</Filter>
    </ClCompile>
    <ClCompile Include="base\ProcessInfo.cc">
      <Filter>base</Filter>
    </ClCompile>
    <ClCompile Include="time\TimeZone.cc">
      <Filter>time</Filter>
    </ClCompile>
    <ClCompile Include="logger\logging.cc">
      <Filter>logger</Filter>
    </ClCompile>
    <ClCompile Include="time\Timestamp.cc">
      <Filter>time</Filter>
    </ClCompile>
  </ItemGroup>
</Project>