<?xml version="1.0" encoding="utf-8"?>
<Project ToolsVersion="4.0" xmlns="http://schemas.microsoft.com/developer/msbuild/2003">
  <ItemGroup>
    <Filter Include="src">
      <UniqueIdentifier>{0ca120aa-855a-4f7b-b01f-4d798e137daf}</UniqueIdentifier>
    </Filter>
    <Filter Include="3rd">
      <UniqueIdentifier>{dc678c8c-4bd3-4d2a-9e49-a9417241e06d}</UniqueIdentifier>
    </Filter>
    <Filter Include="3rd\lua">
      <UniqueIdentifier>{e43f5e60-84be-4938-9de1-63dc6e99dda4}</UniqueIdentifier>
    </Filter>
    <Filter Include="src\app">
      <UniqueIdentifier>{8f953418-361b-4fd4-9dbb-3c5e75df0cc0}</UniqueIdentifier>
    </Filter>
  </ItemGroup>
  <ItemGroup>
    <ClCompile Include="..\3rd\lua5.4.4\lapi.c">
      <Filter>3rd\lua</Filter>
    </ClCompile>
    <ClCompile Include="..\3rd\lua5.4.4\lauxlib.c">
      <Filter>3rd\lua</Filter>
    </ClCompile>
    <ClCompile Include="..\3rd\lua5.4.4\lbaselib.c">
      <Filter>3rd\lua</Filter>
    </ClCompile>
    <ClCompile Include="..\3rd\lua5.4.4\lcode.c">
      <Filter>3rd\lua</Filter>
    </ClCompile>
    <ClCompile Include="..\3rd\lua5.4.4\lcorolib.c">
      <Filter>3rd\lua</Filter>
    </ClCompile>
    <ClCompile Include="..\3rd\lua5.4.4\lctype.c">
      <Filter>3rd\lua</Filter>
    </ClCompile>
    <ClCompile Include="..\3rd\lua5.4.4\ldblib.c">
      <Filter>3rd\lua</Filter>
    </ClCompile>
    <ClCompile Include="..\3rd\lua5.4.4\ldebug.c">
      <Filter>3rd\lua</Filter>
    </ClCompile>
    <ClCompile Include="..\3rd\lua5.4.4\ldo.c">
      <Filter>3rd\lua</Filter>
    </ClCompile>
    <ClCompile Include="..\3rd\lua5.4.4\ldump.c">
      <Filter>3rd\lua</Filter>
    </ClCompile>
    <ClCompile Include="..\3rd\lua5.4.4\lfunc.c">
      <Filter>3rd\lua</Filter>
    </ClCompile>
    <ClCompile Include="..\3rd\lua5.4.4\lgc.c">
      <Filter>3rd\lua</Filter>
    </ClCompile>
    <ClCompile Include="..\3rd\lua5.4.4\linit.c">
      <Filter>3rd\lua</Filter>
    </ClCompile>
    <ClCompile Include="..\3rd\lua5.4.4\liolib.c">
      <Filter>3rd\lua</Filter>
    </ClCompile>
    <ClCompile Include="..\3rd\lua5.4.4\llex.c">
      <Filter>3rd\lua</Filter>
    </ClCompile>
    <ClCompile Include="..\3rd\lua5.4.4\lmathlib.c">
      <Filter>3rd\lua</Filter>
    </ClCompile>
    <ClCompile Include="..\3rd\lua5.4.4\lmem.c">
      <Filter>3rd\lua</Filter>
    </ClCompile>
    <ClCompile Include="..\3rd\lua5.4.4\loadlib.c">
      <Filter>3rd\lua</Filter>
    </ClCompile>
    <ClCompile Include="..\3rd\lua5.4.4\lobject.c">
      <Filter>3rd\lua</Filter>
    </ClCompile>
    <ClCompile Include="..\3rd\lua5.4.4\lopcodes.c">
      <Filter>3rd\lua</Filter>
    </ClCompile>
    <ClCompile Include="..\3rd\lua5.4.4\loslib.c">
      <Filter>3rd\lua</Filter>
    </ClCompile>
    <ClCompile Include="..\3rd\lua5.4.4\lparser.c">
      <Filter>3rd\lua</Filter>
    </ClCompile>
    <ClCompile Include="..\3rd\lua5.4.4\lstate.c">
      <Filter>3rd\lua</Filter>
    </ClCompile>
    <ClCompile Include="..\3rd\lua5.4.4\lstring.c">
      <Filter>3rd\lua</Filter>
    </ClCompile>
    <ClCompile Include="..\3rd\lua5.4.4\lstrlib.c">
      <Filter>3rd\lua</Filter>
    </ClCompile>
    <ClCompile Include="..\3rd\lua5.4.4\ltable.c">
      <Filter>3rd\lua</Filter>
    </ClCompile>
    <ClCompile Include="..\3rd\lua5.4.4\ltablib.c">
      <Filter>3rd\lua</Filter>
    </ClCompile>
    <ClCompile Include="..\3rd\lua5.4.4\ltm.c">
      <Filter>3rd\lua</Filter>
    </ClCompile>
    <ClCompile Include="..\3rd\lua5.4.4\lundump.c">
      <Filter>3rd\lua</Filter>
    </ClCompile>
    <ClCompile Include="..\3rd\lua5.4.4\lutf8lib.c">
      <Filter>3rd\lua</Filter>
    </ClCompile>
    <ClCompile Include="..\3rd\lua5.4.4\lvm.c">
      <Filter>3rd\lua</Filter>
    </ClCompile>
    <ClCompile Include="..\3rd\lua5.4.4\lzio.c">
      <Filter>3rd\lua</Filter>
    </ClCompile>
    <ClCompile Include="..\src\app\main.cc">
      <Filter>src\app</Filter>
    </ClCompile>
  </ItemGroup>
  <ItemGroup>
    <ClInclude Include="..\3rd\lua5.4.4\lapi.h">
      <Filter>3rd\lua</Filter>
    </ClInclude>
    <ClInclude Include="..\3rd\lua5.4.4\lauxlib.h">
      <Filter>3rd\lua</Filter>
    </ClInclude>
    <ClInclude Include="..\3rd\lua5.4.4\lcode.h">
      <Filter>3rd\lua</Filter>
    </ClInclude>
    <ClInclude Include="..\3rd\lua5.4.4\lctype.h">
      <Filter>3rd\lua</Filter>
    </ClInclude>
    <ClInclude Include="..\3rd\lua5.4.4\ldebug.h">
      <Filter>3rd\lua</Filter>
    </ClInclude>
    <ClInclude Include="..\3rd\lua5.4.4\ldo.h">
      <Filter>3rd\lua</Filter>
    </ClInclude>
    <ClInclude Include="..\3rd\lua5.4.4\lfunc.h">
      <Filter>3rd\lua</Filter>
    </ClInclude>
    <ClInclude Include="..\3rd\lua5.4.4\lgc.h">
      <Filter>3rd\lua</Filter>
    </ClInclude>
    <ClInclude Include="..\3rd\lua5.4.4\ljumptab.h">
      <Filter>3rd\lua</Filter>
    </ClInclude>
    <ClInclude Include="..\3rd\lua5.4.4\llex.h">
      <Filter>3rd\lua</Filter>
    </ClInclude>
    <ClInclude Include="..\3rd\lua5.4.4\llimits.h">
      <Filter>3rd\lua</Filter>
    </ClInclude>
    <ClInclude Include="..\3rd\lua5.4.4\lmem.h">
      <Filter>3rd\lua</Filter>
    </ClInclude>
    <ClInclude Include="..\3rd\lua5.4.4\lobject.h">
      <Filter>3rd\lua</Filter>
    </ClInclude>
    <ClInclude Include="..\3rd\lua5.4.4\lopcodes.h">
      <Filter>3rd\lua</Filter>
    </ClInclude>
    <ClInclude Include="..\3rd\lua5.4.4\lopnames.h">
      <Filter>3rd\lua</Filter>
    </ClInclude>
    <ClInclude Include="..\3rd\lua5.4.4\lparser.h">
      <Filter>3rd\lua</Filter>
    </ClInclude>
    <ClInclude Include="..\3rd\lua5.4.4\lprefix.h">
      <Filter>3rd\lua</Filter>
    </ClInclude>
    <ClInclude Include="..\3rd\lua5.4.4\lstate.h">
      <Filter>3rd\lua</Filter>
    </ClInclude>
    <ClInclude Include="..\3rd\lua5.4.4\lstring.h">
      <Filter>3rd\lua</Filter>
    </ClInclude>
    <ClInclude Include="..\3rd\lua5.4.4\ltable.h">
      <Filter>3rd\lua</Filter>
    </ClInclude>
    <ClInclude Include="..\3rd\lua5.4.4\ltm.h">
      <Filter>3rd\lua</Filter>
    </ClInclude>
    <ClInclude Include="..\3rd\lua5.4.4\lua.h">
      <Filter>3rd\lua</Filter>
    </ClInclude>
    <ClInclude Include="..\3rd\lua5.4.4\lua.hpp">
      <Filter>3rd\lua</Filter>
    </ClInclude>
    <ClInclude Include="..\3rd\lua5.4.4\luaconf.h">
      <Filter>3rd\lua</Filter>
    </ClInclude>
    <ClInclude Include="..\3rd\lua5.4.4\lualib.h">
      <Filter>3rd\lua</Filter>
    </ClInclude>
    <ClInclude Include="..\3rd\lua5.4.4\lundump.h">
      <Filter>3rd\lua</Filter>
    </ClInclude>
    <ClInclude Include="..\3rd\lua5.4.4\lvm.h">
      <Filter>3rd\lua</Filter>
    </ClInclude>
    <ClInclude Include="..\3rd\lua5.4.4\lzio.h">
      <Filter>3rd\lua</Filter>
    </ClInclude>
  </ItemGroup>
</Project>